
Microsoft Visual Studio Solution File, Format Version 12.00
# Visual Studio Version 17
VisualStudioVersion = 17.8.34330.188
MinimumVisualStudioVersion = 10.0.40219.1
Project("{FAE04EC0-301F-11D3-BF4B-00C04F79EFBC}") = "InstaCloneAPI", "InstaCloneAPI\InstaCloneAPI.csproj", "{9680C4A5-947A-4B4B-A78F-32A09829DF09}"
EndProject
Global
	GlobalSection(SolutionConfigurationPlatforms) = preSolution
		Debug|Any CPU = Debug|Any CPU
		Release|Any CPU = Release|Any CPU
	EndGlobalSection
	GlobalSection(ProjectConfigurationPlatforms) = postSolution
		{9680C4A5-947A-4B4B-A78F-32A09829DF09}.Debug|Any CPU.ActiveCfg = Debug|Any CPU
		{9680C4A5-947A-4B4B-A78F-32A09829DF09}.Debug|Any CPU.Build.0 = Debug|Any CPU
		{9680C4A5-947A-4B4B-A78F-32A09829DF09}.Release|Any CPU.ActiveCfg = Release|Any CPU
		{9680C4A5-947A-4B4B-A78F-32A09829DF09}.Release|Any CPU.Build.0 = Release|Any CPU
	EndGlobalSection
	GlobalSection(SolutionProperties) = preSolution
		HideSolutionNode = FALSE
	EndGlobalSection
	GlobalSection(ExtensibilityGlobals) = postSolution
		SolutionGuid = {FB4CA23F-D2BA-4FB9-BCED-F50C0F1EF229}
	EndGlobalSection
EndGlobal
